// !$*UTF8*$!
{
	archiveVersion = 1;
	classes = {
	};
	objectVersion = 46;
	objects = {

/* Begin PBXBuildFile section */
		471EC293E4F5993523CB7943 /* Pods_Fast_CountTests.framework in Frameworks */ = {isa = PBXBuildFile; fileRef = 85EEE134DCB6C1EC099A89D7 /* Pods_Fast_CountTests.framework */; };
		65D9DD9A5927D4C8F0F3418D /* Pods_Fast_Count.framework in Frameworks */ = {isa = PBXBuildFile; fileRef = 693D533A9250DED4260C9F16 /* Pods_Fast_Count.framework */; };
		A40964561F8806930044E7EC /* AuditImagesModel.swift in Sources */ = {isa = PBXBuildFile; fileRef = A40964551F8806930044E7EC /* AuditImagesModel.swift */; };
		A4262DC91F020A4200C562A7 /* AppDelegate.swift in Sources */ = {isa = PBXBuildFile; fileRef = A4262DC81F020A4200C562A7 /* AppDelegate.swift */; };
		A4262DCB1F020A4200C562A7 /* ViewController.swift in Sources */ = {isa = PBXBuildFile; fileRef = A4262DCA1F020A4200C562A7 /* ViewController.swift */; };
		A4262DCE1F020A4200C562A7 /* Main.storyboard in Resources */ = {isa = PBXBuildFile; fileRef = A4262DCC1F020A4200C562A7 /* Main.storyboard */; };
		A4262DD01F020A4200C562A7 /* Assets.xcassets in Resources */ = {isa = PBXBuildFile; fileRef = A4262DCF1F020A4200C562A7 /* Assets.xcassets */; };
		A4262DD31F020A4200C562A7 /* LaunchScreen.storyboard in Resources */ = {isa = PBXBuildFile; fileRef = A4262DD11F020A4200C562A7 /* LaunchScreen.storyboard */; };
		A4262DDE1F020A4200C562A7 /* Fast_CountTests.swift in Sources */ = {isa = PBXBuildFile; fileRef = A4262DDD1F020A4200C562A7 /* Fast_CountTests.swift */; };
		A4262DE91F020FE800C562A7 /* NewFacilityViewController.swift in Sources */ = {isa = PBXBuildFile; fileRef = A4262DE81F020FE800C562A7 /* NewFacilityViewController.swift */; };
		A4262DEB1F020FFA00C562A7 /* ViewAudit.swift in Sources */ = {isa = PBXBuildFile; fileRef = A4262DEA1F020FFA00C562A7 /* ViewAudit.swift */; };
		A42683651F436DAD00B4D9A9 /* RoomDetailView.swift in Sources */ = {isa = PBXBuildFile; fileRef = A42683641F436DAD00B4D9A9 /* RoomDetailView.swift */; };
		A4355A1C1F1DA96200E7C78F /* AttributeTextField.swift in Sources */ = {isa = PBXBuildFile; fileRef = A4355A1B1F1DA96200E7C78F /* AttributeTextField.swift */; };
		A44294FB1F4286A5002533DD /* DataCellTableViewCell.swift in Sources */ = {isa = PBXBuildFile; fileRef = A44294FA1F4286A5002533DD /* DataCellTableViewCell.swift */; };
		A44294FD1F42877E002533DD /* GalleryTableViewCell.swift in Sources */ = {isa = PBXBuildFile; fileRef = A44294FC1F42877E002533DD /* GalleryTableViewCell.swift */; };
		A456EC751F4395DB009850AB /* GalleryHeaderTableViewCell.swift in Sources */ = {isa = PBXBuildFile; fileRef = A456EC741F4395DB009850AB /* GalleryHeaderTableViewCell.swift */; };
		A47790041F34B16E0065D91F /* AuditFilesManager.swift in Sources */ = {isa = PBXBuildFile; fileRef = A47790031F34B16D0065D91F /* AuditFilesManager.swift */; };
		A4923B931F02B1130002C904 /* CategoryModel.swift in Sources */ = {isa = PBXBuildFile; fileRef = A4923B921F02B1130002C904 /* CategoryModel.swift */; };
		A4923B951F02B1530002C904 /* LocationModel.swift in Sources */ = {isa = PBXBuildFile; fileRef = A4923B941F02B1530002C904 /* LocationModel.swift */; };
		A4923B971F02BCAB0002C904 /* AuditModel.swift in Sources */ = {isa = PBXBuildFile; fileRef = A4923B961F02BCAB0002C904 /* AuditModel.swift */; };
		A4923B991F02C3CF0002C904 /* ExistingAuditListViewController.swift in Sources */ = {isa = PBXBuildFile; fileRef = A4923B981F02C3CF0002C904 /* ExistingAuditListViewController.swift */; };
		A49715931F438142006B547B /* DataHeaderTableViewCell.swift in Sources */ = {isa = PBXBuildFile; fileRef = A49715921F438142006B547B /* DataHeaderTableViewCell.swift */; };
		A4A5F27C1F4260D30081850D /* CSVExport.swift in Sources */ = {isa = PBXBuildFile; fileRef = A4A5F27B1F4260D30081850D /* CSVExport.swift */; };
		A4EA704C1F16C7A300FB895A /* AuditModel.swift in Sources */ = {isa = PBXBuildFile; fileRef = A4923B961F02BCAB0002C904 /* AuditModel.swift */; };
		A4EA704D1F16C7A300FB895A /* RoomLocation.swift in Sources */ = {isa = PBXBuildFile; fileRef = A4F8B5FF1F08CF9A0088CAC8 /* RoomLocation.swift */; };
		A4EA70501F16C7A300FB895A /* ViewAudit.swift in Sources */ = {isa = PBXBuildFile; fileRef = A4262DEA1F020FFA00C562A7 /* ViewAudit.swift */; };
		A4EA70531F16C7A300FB895A /* ViewController.swift in Sources */ = {isa = PBXBuildFile; fileRef = A4262DCA1F020A4200C562A7 /* ViewController.swift */; };
		A4EA70541F16C7A300FB895A /* LocationModel.swift in Sources */ = {isa = PBXBuildFile; fileRef = A4923B941F02B1530002C904 /* LocationModel.swift */; };
		A4EA70551F16C7A300FB895A /* AppDelegate.swift in Sources */ = {isa = PBXBuildFile; fileRef = A4262DC81F020A4200C562A7 /* AppDelegate.swift */; };
		A4EA70561F16C7A300FB895A /* ExistingAuditListViewController.swift in Sources */ = {isa = PBXBuildFile; fileRef = A4923B981F02C3CF0002C904 /* ExistingAuditListViewController.swift */; };
		A4EA70571F16C7A300FB895A /* CategoryModel.swift in Sources */ = {isa = PBXBuildFile; fileRef = A4923B921F02B1130002C904 /* CategoryModel.swift */; };
		A4EA70581F16C7A300FB895A /* NewFacilityViewController.swift in Sources */ = {isa = PBXBuildFile; fileRef = A4262DE81F020FE800C562A7 /* NewFacilityViewController.swift */; };
		A4EA705B1F16C7A300FB895A /* LaunchScreen.storyboard in Resources */ = {isa = PBXBuildFile; fileRef = A4262DD11F020A4200C562A7 /* LaunchScreen.storyboard */; };
		A4EA705C1F16C7A300FB895A /* Assets.xcassets in Resources */ = {isa = PBXBuildFile; fileRef = A4262DCF1F020A4200C562A7 /* Assets.xcassets */; };
		A4EA705D1F16C7A300FB895A /* Main.storyboard in Resources */ = {isa = PBXBuildFile; fileRef = A4262DCC1F020A4200C562A7 /* Main.storyboard */; };
		A4F8B6001F08CF9A0088CAC8 /* RoomLocation.swift in Sources */ = {isa = PBXBuildFile; fileRef = A4F8B5FF1F08CF9A0088CAC8 /* RoomLocation.swift */; };
		B41093876D5F9A21CF78A436 /* Pods_Fast_Count_copy.framework in Frameworks */ = {isa = PBXBuildFile; fileRef = EDC08AFCCF928FDF5ED8E48E /* Pods_Fast_Count_copy.framework */; };
/* End PBXBuildFile section */

/* Begin PBXContainerItemProxy section */
		A4262DDA1F020A4200C562A7 /* PBXContainerItemProxy */ = {
			isa = PBXContainerItemProxy;
			containerPortal = A4262DBD1F020A4200C562A7 /* Project object */;
			proxyType = 1;
			remoteGlobalIDString = A4262DC41F020A4200C562A7;
			remoteInfo = "Fast Count";
		};
/* End PBXContainerItemProxy section */

/* Begin PBXFileReference section */
		06A966E75CD0BAA6BF368CEF /* Pods-Fast Count copy.release.xcconfig */ = {isa = PBXFileReference; includeInIndex = 1; lastKnownFileType = text.xcconfig; name = "Pods-Fast Count copy.release.xcconfig"; path = "Pods/Target Support Files/Pods-Fast Count copy/Pods-Fast Count copy.release.xcconfig"; sourceTree = "<group>"; };
		27A034CA099B504C694CEFAE /* Pods-Fast Count copy.debug.xcconfig */ = {isa = PBXFileReference; includeInIndex = 1; lastKnownFileType = text.xcconfig; name = "Pods-Fast Count copy.debug.xcconfig"; path = "Pods/Target Support Files/Pods-Fast Count copy/Pods-Fast Count copy.debug.xcconfig"; sourceTree = "<group>"; };
		364DDC21FB412710A1179D8E /* Pods-Fast CountTests.debug.xcconfig */ = {isa = PBXFileReference; includeInIndex = 1; lastKnownFileType = text.xcconfig; name = "Pods-Fast CountTests.debug.xcconfig"; path = "Pods/Target Support Files/Pods-Fast CountTests/Pods-Fast CountTests.debug.xcconfig"; sourceTree = "<group>"; };
		5437DAAE4620C01FE393C5F4 /* Pods-Fast CountTests.release.xcconfig */ = {isa = PBXFileReference; includeInIndex = 1; lastKnownFileType = text.xcconfig; name = "Pods-Fast CountTests.release.xcconfig"; path = "Pods/Target Support Files/Pods-Fast CountTests/Pods-Fast CountTests.release.xcconfig"; sourceTree = "<group>"; };
		693D533A9250DED4260C9F16 /* Pods_Fast_Count.framework */ = {isa = PBXFileReference; explicitFileType = wrapper.framework; includeInIndex = 0; path = Pods_Fast_Count.framework; sourceTree = BUILT_PRODUCTS_DIR; };
		85EEE134DCB6C1EC099A89D7 /* Pods_Fast_CountTests.framework */ = {isa = PBXFileReference; explicitFileType = wrapper.framework; includeInIndex = 0; path = Pods_Fast_CountTests.framework; sourceTree = BUILT_PRODUCTS_DIR; };
		A40964551F8806930044E7EC /* AuditImagesModel.swift */ = {isa = PBXFileReference; lastKnownFileType = sourcecode.swift; path = AuditImagesModel.swift; sourceTree = "<group>"; };
		A4262DC51F020A4200C562A7 /* Fast Count.app */ = {isa = PBXFileReference; explicitFileType = wrapper.application; includeInIndex = 0; path = "Fast Count.app"; sourceTree = BUILT_PRODUCTS_DIR; };
		A4262DC81F020A4200C562A7 /* AppDelegate.swift */ = {isa = PBXFileReference; lastKnownFileType = sourcecode.swift; path = AppDelegate.swift; sourceTree = "<group>"; };
		A4262DCA1F020A4200C562A7 /* ViewController.swift */ = {isa = PBXFileReference; lastKnownFileType = sourcecode.swift; path = ViewController.swift; sourceTree = "<group>"; };
		A4262DCD1F020A4200C562A7 /* Base */ = {isa = PBXFileReference; lastKnownFileType = file.storyboard; name = Base; path = Base.lproj/Main.storyboard; sourceTree = "<group>"; };
		A4262DCF1F020A4200C562A7 /* Assets.xcassets */ = {isa = PBXFileReference; lastKnownFileType = folder.assetcatalog; path = Assets.xcassets; sourceTree = "<group>"; };
		A4262DD21F020A4200C562A7 /* Base */ = {isa = PBXFileReference; lastKnownFileType = file.storyboard; name = Base; path = Base.lproj/LaunchScreen.storyboard; sourceTree = "<group>"; };
		A4262DD41F020A4200C562A7 /* Info.plist */ = {isa = PBXFileReference; lastKnownFileType = text.plist.xml; path = Info.plist; sourceTree = "<group>"; };
		A4262DD91F020A4200C562A7 /* Fast CountTests.xctest */ = {isa = PBXFileReference; explicitFileType = wrapper.cfbundle; includeInIndex = 0; path = "Fast CountTests.xctest"; sourceTree = BUILT_PRODUCTS_DIR; };
		A4262DDD1F020A4200C562A7 /* Fast_CountTests.swift */ = {isa = PBXFileReference; lastKnownFileType = sourcecode.swift; path = Fast_CountTests.swift; sourceTree = "<group>"; };
		A4262DDF1F020A4300C562A7 /* Info.plist */ = {isa = PBXFileReference; lastKnownFileType = text.plist.xml; path = Info.plist; sourceTree = "<group>"; };
		A4262DE81F020FE800C562A7 /* NewFacilityViewController.swift */ = {isa = PBXFileReference; fileEncoding = 4; lastKnownFileType = sourcecode.swift; path = NewFacilityViewController.swift; sourceTree = "<group>"; };
		A4262DEA1F020FFA00C562A7 /* ViewAudit.swift */ = {isa = PBXFileReference; fileEncoding = 4; lastKnownFileType = sourcecode.swift; path = ViewAudit.swift; sourceTree = "<group>"; };
		A42683641F436DAD00B4D9A9 /* RoomDetailView.swift */ = {isa = PBXFileReference; fileEncoding = 4; lastKnownFileType = sourcecode.swift; path = RoomDetailView.swift; sourceTree = "<group>"; };
		A4355A1B1F1DA96200E7C78F /* AttributeTextField.swift */ = {isa = PBXFileReference; fileEncoding = 4; lastKnownFileType = sourcecode.swift; path = AttributeTextField.swift; sourceTree = "<group>"; };
		A44294FA1F4286A5002533DD /* DataCellTableViewCell.swift */ = {isa = PBXFileReference; fileEncoding = 4; lastKnownFileType = sourcecode.swift; path = DataCellTableViewCell.swift; sourceTree = "<group>"; };
		A44294FC1F42877E002533DD /* GalleryTableViewCell.swift */ = {isa = PBXFileReference; fileEncoding = 4; lastKnownFileType = sourcecode.swift; path = GalleryTableViewCell.swift; sourceTree = "<group>"; };
		A456EC741F4395DB009850AB /* GalleryHeaderTableViewCell.swift */ = {isa = PBXFileReference; fileEncoding = 4; lastKnownFileType = sourcecode.swift; path = GalleryHeaderTableViewCell.swift; sourceTree = "<group>"; };
		A47790031F34B16D0065D91F /* AuditFilesManager.swift */ = {isa = PBXFileReference; fileEncoding = 4; lastKnownFileType = sourcecode.swift; path = AuditFilesManager.swift; sourceTree = "<group>"; };
		A4923B921F02B1130002C904 /* CategoryModel.swift */ = {isa = PBXFileReference; fileEncoding = 4; lastKnownFileType = sourcecode.swift; path = CategoryModel.swift; sourceTree = "<group>"; };
		A4923B941F02B1530002C904 /* LocationModel.swift */ = {isa = PBXFileReference; fileEncoding = 4; lastKnownFileType = sourcecode.swift; path = LocationModel.swift; sourceTree = "<group>"; };
		A4923B961F02BCAB0002C904 /* AuditModel.swift */ = {isa = PBXFileReference; fileEncoding = 4; lastKnownFileType = sourcecode.swift; path = AuditModel.swift; sourceTree = "<group>"; };
		A4923B981F02C3CF0002C904 /* ExistingAuditListViewController.swift */ = {isa = PBXFileReference; fileEncoding = 4; lastKnownFileType = sourcecode.swift; path = ExistingAuditListViewController.swift; sourceTree = "<group>"; };
		A49715921F438142006B547B /* DataHeaderTableViewCell.swift */ = {isa = PBXFileReference; fileEncoding = 4; lastKnownFileType = sourcecode.swift; path = DataHeaderTableViewCell.swift; sourceTree = "<group>"; };
		A4A5F27B1F4260D30081850D /* CSVExport.swift */ = {isa = PBXFileReference; fileEncoding = 4; lastKnownFileType = sourcecode.swift; path = CSVExport.swift; sourceTree = "<group>"; };
		A4EA70611F16C7A300FB895A /* Fast Count copy.app */ = {isa = PBXFileReference; explicitFileType = wrapper.application; includeInIndex = 0; path = "Fast Count copy.app"; sourceTree = BUILT_PRODUCTS_DIR; };
		A4EA70621F16C7A300FB895A /* Fast Count copy-Info.plist */ = {isa = PBXFileReference; lastKnownFileType = text.plist.xml; name = "Fast Count copy-Info.plist"; path = "/Users/RoyerRamirezRuiz/Desktop/Entegrity Fast-Count/Fast Count /Entegrity-Fast-Count/Fast Count copy-Info.plist"; sourceTree = "<absolute>"; };
		A4F8B5FF1F08CF9A0088CAC8 /* RoomLocation.swift */ = {isa = PBXFileReference; fileEncoding = 4; lastKnownFileType = sourcecode.swift; path = RoomLocation.swift; sourceTree = "<group>"; };
		C78D08B435117D67C37B3EDD /* Pods-Fast Count.release.xcconfig */ = {isa = PBXFileReference; includeInIndex = 1; lastKnownFileType = text.xcconfig; name = "Pods-Fast Count.release.xcconfig"; path = "Pods/Target Support Files/Pods-Fast Count/Pods-Fast Count.release.xcconfig"; sourceTree = "<group>"; };
		C9605DAFA1B24723F747A6A0 /* Pods-Fast Count.debug.xcconfig */ = {isa = PBXFileReference; includeInIndex = 1; lastKnownFileType = text.xcconfig; name = "Pods-Fast Count.debug.xcconfig"; path = "Pods/Target Support Files/Pods-Fast Count/Pods-Fast Count.debug.xcconfig"; sourceTree = "<group>"; };
		EDC08AFCCF928FDF5ED8E48E /* Pods_Fast_Count_copy.framework */ = {isa = PBXFileReference; explicitFileType = wrapper.framework; includeInIndex = 0; path = Pods_Fast_Count_copy.framework; sourceTree = BUILT_PRODUCTS_DIR; };
/* End PBXFileReference section */

/* Begin PBXFrameworksBuildPhase section */
		A4262DC21F020A4200C562A7 /* Frameworks */ = {
			isa = PBXFrameworksBuildPhase;
			buildActionMask = 2147483647;
			files = (
				65D9DD9A5927D4C8F0F3418D /* Pods_Fast_Count.framework in Frameworks */,
			);
			runOnlyForDeploymentPostprocessing = 0;
		};
		A4262DD61F020A4200C562A7 /* Frameworks */ = {
			isa = PBXFrameworksBuildPhase;
			buildActionMask = 2147483647;
			files = (
				471EC293E4F5993523CB7943 /* Pods_Fast_CountTests.framework in Frameworks */,
			);
			runOnlyForDeploymentPostprocessing = 0;
		};
		A4EA70591F16C7A300FB895A /* Frameworks */ = {
			isa = PBXFrameworksBuildPhase;
			buildActionMask = 2147483647;
			files = (
				B41093876D5F9A21CF78A436 /* Pods_Fast_Count_copy.framework in Frameworks */,
			);
			runOnlyForDeploymentPostprocessing = 0;
		};
/* End PBXFrameworksBuildPhase section */

/* Begin PBXGroup section */
		237A40F7EC2C5448DB6E57D4 /* Frameworks */ = {
			isa = PBXGroup;
			children = (
				693D533A9250DED4260C9F16 /* Pods_Fast_Count.framework */,
				EDC08AFCCF928FDF5ED8E48E /* Pods_Fast_Count_copy.framework */,
				85EEE134DCB6C1EC099A89D7 /* Pods_Fast_CountTests.framework */,
			);
			name = Frameworks;
			sourceTree = "<group>";
		};
		A4262DBC1F020A4200C562A7 = {
			isa = PBXGroup;
			children = (
				A4262DC71F020A4200C562A7 /* Fast Count */,
				A4262DDC1F020A4200C562A7 /* Fast CountTests */,
				A4262DC61F020A4200C562A7 /* Products */,
				A4EA70621F16C7A300FB895A /* Fast Count copy-Info.plist */,
				D3AB2DF2F66E7E61633AFEB6 /* Pods */,
				237A40F7EC2C5448DB6E57D4 /* Frameworks */,
			);
			sourceTree = "<group>";
		};
		A4262DC61F020A4200C562A7 /* Products */ = {
			isa = PBXGroup;
			children = (
				A4262DC51F020A4200C562A7 /* Fast Count.app */,
				A4262DD91F020A4200C562A7 /* Fast CountTests.xctest */,
				A4EA70611F16C7A300FB895A /* Fast Count copy.app */,
			);
			name = Products;
			sourceTree = "<group>";
		};
		A4262DC71F020A4200C562A7 /* Fast Count */ = {
			isa = PBXGroup;
			children = (
				A4262DC81F020A4200C562A7 /* AppDelegate.swift */,
				A4262DCC1F020A4200C562A7 /* Main.storyboard */,
				A4A5F1F51F42446E0081850D /* ViewControllers */,
				A49715911F438120006B547B /* TableViewCells */,
				A4A5F1F41F42444E0081850D /* Util */,
				A4923B911F02B0E50002C904 /* Models */,
				A4262DCF1F020A4200C562A7 /* Assets.xcassets */,
				A4262DD11F020A4200C562A7 /* LaunchScreen.storyboard */,
				A4262DD41F020A4200C562A7 /* Info.plist */,
			);
			path = "Fast Count";
			sourceTree = "<group>";
		};
		A4262DDC1F020A4200C562A7 /* Fast CountTests */ = {
			isa = PBXGroup;
			children = (
				A4262DDD1F020A4200C562A7 /* Fast_CountTests.swift */,
				A4262DDF1F020A4300C562A7 /* Info.plist */,
			);
			path = "Fast CountTests";
			sourceTree = "<group>";
		};
		A4923B911F02B0E50002C904 /* Models */ = {
			isa = PBXGroup;
			children = (
				A4923B961F02BCAB0002C904 /* AuditModel.swift */,
				A4923B921F02B1130002C904 /* CategoryModel.swift */,
				A4923B941F02B1530002C904 /* LocationModel.swift */,
				A40964551F8806930044E7EC /* AuditImagesModel.swift */,
			);
			name = Models;
			sourceTree = "<group>";
		};
		A49715911F438120006B547B /* TableViewCells */ = {
			isa = PBXGroup;
			children = (
				A49715921F438142006B547B /* DataHeaderTableViewCell.swift */,
				A44294FA1F4286A5002533DD /* DataCellTableViewCell.swift */,
				A456EC741F4395DB009850AB /* GalleryHeaderTableViewCell.swift */,
				A44294FC1F42877E002533DD /* GalleryTableViewCell.swift */,
			);
			name = TableViewCells;
			sourceTree = "<group>";
		};
		A4A5F1F41F42444E0081850D /* Util */ = {
			isa = PBXGroup;
			children = (
				A47790031F34B16D0065D91F /* AuditFilesManager.swift */,
				A4355A1B1F1DA96200E7C78F /* AttributeTextField.swift */,
				A4A5F27B1F4260D30081850D /* CSVExport.swift */,
			);
			name = Util;
			sourceTree = "<group>";
		};
		A4A5F1F51F42446E0081850D /* ViewControllers */ = {
			isa = PBXGroup;
			children = (
				A4262DCA1F020A4200C562A7 /* ViewController.swift */,
				A4262DE81F020FE800C562A7 /* NewFacilityViewController.swift */,
				A4923B981F02C3CF0002C904 /* ExistingAuditListViewController.swift */,
				A4262DEA1F020FFA00C562A7 /* ViewAudit.swift */,
				A4F8B5FF1F08CF9A0088CAC8 /* RoomLocation.swift */,
				A42683641F436DAD00B4D9A9 /* RoomDetailView.swift */,
			);
			name = ViewControllers;
			sourceTree = "<group>";
		};
		D3AB2DF2F66E7E61633AFEB6 /* Pods */ = {
			isa = PBXGroup;
			children = (
				C9605DAFA1B24723F747A6A0 /* Pods-Fast Count.debug.xcconfig */,
				C78D08B435117D67C37B3EDD /* Pods-Fast Count.release.xcconfig */,
				27A034CA099B504C694CEFAE /* Pods-Fast Count copy.debug.xcconfig */,
				06A966E75CD0BAA6BF368CEF /* Pods-Fast Count copy.release.xcconfig */,
				364DDC21FB412710A1179D8E /* Pods-Fast CountTests.debug.xcconfig */,
				5437DAAE4620C01FE393C5F4 /* Pods-Fast CountTests.release.xcconfig */,
			);
			name = Pods;
			sourceTree = "<group>";
		};
/* End PBXGroup section */

/* Begin PBXNativeTarget section */
		A4262DC41F020A4200C562A7 /* Fast Count */ = {
			isa = PBXNativeTarget;
			buildConfigurationList = A4262DE21F020A4300C562A7 /* Build configuration list for PBXNativeTarget "Fast Count" */;
			buildPhases = (
				0495BB80A750632D944AF192 /* [CP] Check Pods Manifest.lock */,
				A4262DC11F020A4200C562A7 /* Sources */,
				A4262DC21F020A4200C562A7 /* Frameworks */,
				A4262DC31F020A4200C562A7 /* Resources */,
				9727B6489F0A95028B597BCB /* [CP] Embed Pods Frameworks */,
				C08BFCD072A3E90489C53525 /* [CP] Copy Pods Resources */,
			);
			buildRules = (
			);
			dependencies = (
			);
			name = "Fast Count";
			productName = "Fast Count";
			productReference = A4262DC51F020A4200C562A7 /* Fast Count.app */;
			productType = "com.apple.product-type.application";
		};
		A4262DD81F020A4200C562A7 /* Fast CountTests */ = {
			isa = PBXNativeTarget;
			buildConfigurationList = A4262DE51F020A4300C562A7 /* Build configuration list for PBXNativeTarget "Fast CountTests" */;
			buildPhases = (
				66712FB0E4407A5858F236C4 /* [CP] Check Pods Manifest.lock */,
				A4262DD51F020A4200C562A7 /* Sources */,
				A4262DD61F020A4200C562A7 /* Frameworks */,
				A4262DD71F020A4200C562A7 /* Resources */,
				7BA0B30A910B8BACEA1E66A3 /* [CP] Embed Pods Frameworks */,
				7498B7A632F315C280B61844 /* [CP] Copy Pods Resources */,
			);
			buildRules = (
			);
			dependencies = (
				A4262DDB1F020A4200C562A7 /* PBXTargetDependency */,
			);
			name = "Fast CountTests";
			productName = "Fast CountTests";
			productReference = A4262DD91F020A4200C562A7 /* Fast CountTests.xctest */;
			productType = "com.apple.product-type.bundle.unit-test";
		};
		A4EA704A1F16C7A300FB895A /* Fast Count copy */ = {
			isa = PBXNativeTarget;
			buildConfigurationList = A4EA705E1F16C7A300FB895A /* Build configuration list for PBXNativeTarget "Fast Count copy" */;
			buildPhases = (
				2934A7C142191BFF2AB8A65B /* [CP] Check Pods Manifest.lock */,
				A4EA704B1F16C7A300FB895A /* Sources */,
				A4EA70591F16C7A300FB895A /* Frameworks */,
				A4EA705A1F16C7A300FB895A /* Resources */,
				F06B55E2FB2BFC3EFE802401 /* [CP] Embed Pods Frameworks */,
				5DB838C406CF0A3CC6A97D85 /* [CP] Copy Pods Resources */,
			);
			buildRules = (
			);
			dependencies = (
			);
			name = "Fast Count copy";
			productName = "Fast Count";
			productReference = A4EA70611F16C7A300FB895A /* Fast Count copy.app */;
			productType = "com.apple.product-type.application";
		};
/* End PBXNativeTarget section */

/* Begin PBXProject section */
		A4262DBD1F020A4200C562A7 /* Project object */ = {
			isa = PBXProject;
			attributes = {
				LastSwiftUpdateCheck = 0810;
				LastUpgradeCheck = 0810;
				ORGANIZATIONNAME = EntegrityEnergyPartners;
				TargetAttributes = {
					A4262DC41F020A4200C562A7 = {
						CreatedOnToolsVersion = 8.1;
						DevelopmentTeam = RN693TYBDK;
						ProvisioningStyle = Automatic;
					};
					A4262DD81F020A4200C562A7 = {
						CreatedOnToolsVersion = 8.1;
						DevelopmentTeam = 5LQQ26GHE3;
						ProvisioningStyle = Automatic;
						TestTargetID = A4262DC41F020A4200C562A7;
					};
					A4EA704A1F16C7A300FB895A = {
						DevelopmentTeam = 5LQQ26GHE3;
					};
				};
			};
			buildConfigurationList = A4262DC01F020A4200C562A7 /* Build configuration list for PBXProject "Fast Count" */;
			compatibilityVersion = "Xcode 3.2";
			developmentRegion = English;
			hasScannedForEncodings = 0;
			knownRegions = (
				en,
				Base,
			);
			mainGroup = A4262DBC1F020A4200C562A7;
			productRefGroup = A4262DC61F020A4200C562A7 /* Products */;
			projectDirPath = "";
			projectRoot = "";
			targets = (
				A4262DC41F020A4200C562A7 /* Fast Count */,
				A4262DD81F020A4200C562A7 /* Fast CountTests */,
				A4EA704A1F16C7A300FB895A /* Fast Count copy */,
			);
		};
/* End PBXProject section */

/* Begin PBXResourcesBuildPhase section */
		A4262DC31F020A4200C562A7 /* Resources */ = {
			isa = PBXResourcesBuildPhase;
			buildActionMask = 2147483647;
			files = (
				A4262DD31F020A4200C562A7 /* LaunchScreen.storyboard in Resources */,
				A4262DD01F020A4200C562A7 /* Assets.xcassets in Resources */,
				A4262DCE1F020A4200C562A7 /* Main.storyboard in Resources */,
			);
			runOnlyForDeploymentPostprocessing = 0;
		};
		A4262DD71F020A4200C562A7 /* Resources */ = {
			isa = PBXResourcesBuildPhase;
			buildActionMask = 2147483647;
			files = (
			);
			runOnlyForDeploymentPostprocessing = 0;
		};
		A4EA705A1F16C7A300FB895A /* Resources */ = {
			isa = PBXResourcesBuildPhase;
			buildActionMask = 2147483647;
			files = (
				A4EA705B1F16C7A300FB895A /* LaunchScreen.storyboard in Resources */,
				A4EA705C1F16C7A300FB895A /* Assets.xcassets in Resources */,
				A4EA705D1F16C7A300FB895A /* Main.storyboard in Resources */,
			);
			runOnlyForDeploymentPostprocessing = 0;
		};
/* End PBXResourcesBuildPhase section */

/* Begin PBXShellScriptBuildPhase section */
		0495BB80A750632D944AF192 /* [CP] Check Pods Manifest.lock */ = {
			isa = PBXShellScriptBuildPhase;
			buildActionMask = 2147483647;
			files = (
			);
			inputPaths = (
			);
			name = "[CP] Check Pods Manifest.lock";
			outputPaths = (
			);
			runOnlyForDeploymentPostprocessing = 0;
			shellPath = /bin/sh;
			shellScript = "diff \"${PODS_ROOT}/../Podfile.lock\" \"${PODS_ROOT}/Manifest.lock\" > /dev/null\nif [ $? != 0 ] ; then\n    # print error to STDERR\n    echo \"error: The sandbox is not in sync with the Podfile.lock. Run 'pod install' or update your CocoaPods installation.\" >&2\n    exit 1\nfi\n";
			showEnvVarsInLog = 0;
		};
		2934A7C142191BFF2AB8A65B /* [CP] Check Pods Manifest.lock */ = {
			isa = PBXShellScriptBuildPhase;
			buildActionMask = 2147483647;
			files = (
			);
			inputPaths = (
			);
			name = "[CP] Check Pods Manifest.lock";
			outputPaths = (
			);
			runOnlyForDeploymentPostprocessing = 0;
			shellPath = /bin/sh;
			shellScript = "diff \"${PODS_ROOT}/../Podfile.lock\" \"${PODS_ROOT}/Manifest.lock\" > /dev/null\nif [ $? != 0 ] ; then\n    # print error to STDERR\n    echo \"error: The sandbox is not in sync with the Podfile.lock. Run 'pod install' or update your CocoaPods installation.\" >&2\n    exit 1\nfi\n";
			showEnvVarsInLog = 0;
		};
		5DB838C406CF0A3CC6A97D85 /* [CP] Copy Pods Resources */ = {
			isa = PBXShellScriptBuildPhase;
			buildActionMask = 2147483647;
			files = (
			);
			inputPaths = (
			);
			name = "[CP] Copy Pods Resources";
			outputPaths = (
			);
			runOnlyForDeploymentPostprocessing = 0;
			shellPath = /bin/sh;
			shellScript = "\"${SRCROOT}/Pods/Target Support Files/Pods-Fast Count copy/Pods-Fast Count copy-resources.sh\"\n";
			showEnvVarsInLog = 0;
		};
		66712FB0E4407A5858F236C4 /* [CP] Check Pods Manifest.lock */ = {
			isa = PBXShellScriptBuildPhase;
			buildActionMask = 2147483647;
			files = (
			);
			inputPaths = (
			);
			name = "[CP] Check Pods Manifest.lock";
			outputPaths = (
			);
			runOnlyForDeploymentPostprocessing = 0;
			shellPath = /bin/sh;
			shellScript = "diff \"${PODS_ROOT}/../Podfile.lock\" \"${PODS_ROOT}/Manifest.lock\" > /dev/null\nif [ $? != 0 ] ; then\n    # print error to STDERR\n    echo \"error: The sandbox is not in sync with the Podfile.lock. Run 'pod install' or update your CocoaPods installation.\" >&2\n    exit 1\nfi\n";
			showEnvVarsInLog = 0;
		};
		7498B7A632F315C280B61844 /* [CP] Copy Pods Resources */ = {
			isa = PBXShellScriptBuildPhase;
			buildActionMask = 2147483647;
			files = (
			);
			inputPaths = (
			);
			name = "[CP] Copy Pods Resources";
			outputPaths = (
			);
			runOnlyForDeploymentPostprocessing = 0;
			shellPath = /bin/sh;
			shellScript = "\"${SRCROOT}/Pods/Target Support Files/Pods-Fast CountTests/Pods-Fast CountTests-resources.sh\"\n";
			showEnvVarsInLog = 0;
		};
		7BA0B30A910B8BACEA1E66A3 /* [CP] Embed Pods Frameworks */ = {
			isa = PBXShellScriptBuildPhase;
			buildActionMask = 2147483647;
			files = (
			);
			inputPaths = (
			);
			name = "[CP] Embed Pods Frameworks";
			outputPaths = (
			);
			runOnlyForDeploymentPostprocessing = 0;
			shellPath = /bin/sh;
			shellScript = "\"${SRCROOT}/Pods/Target Support Files/Pods-Fast CountTests/Pods-Fast CountTests-frameworks.sh\"\n";
			showEnvVarsInLog = 0;
		};
		9727B6489F0A95028B597BCB /* [CP] Embed Pods Frameworks */ = {
			isa = PBXShellScriptBuildPhase;
			buildActionMask = 2147483647;
			files = (
			);
			inputPaths = (
			);
			name = "[CP] Embed Pods Frameworks";
			outputPaths = (
			);
			runOnlyForDeploymentPostprocessing = 0;
			shellPath = /bin/sh;
			shellScript = "\"${SRCROOT}/Pods/Target Support Files/Pods-Fast Count/Pods-Fast Count-frameworks.sh\"\n";
			showEnvVarsInLog = 0;
		};
		C08BFCD072A3E90489C53525 /* [CP] Copy Pods Resources */ = {
			isa = PBXShellScriptBuildPhase;
			buildActionMask = 2147483647;
			files = (
			);
			inputPaths = (
			);
			name = "[CP] Copy Pods Resources";
			outputPaths = (
			);
			runOnlyForDeploymentPostprocessing = 0;
			shellPath = /bin/sh;
			shellScript = "\"${SRCROOT}/Pods/Target Support Files/Pods-Fast Count/Pods-Fast Count-resources.sh\"\n";
			showEnvVarsInLog = 0;
		};
		F06B55E2FB2BFC3EFE802401 /* [CP] Embed Pods Frameworks */ = {
			isa = PBXShellScriptBuildPhase;
			buildActionMask = 2147483647;
			files = (
			);
			inputPaths = (
			);
			name = "[CP] Embed Pods Frameworks";
			outputPaths = (
			);
			runOnlyForDeploymentPostprocessing = 0;
			shellPath = /bin/sh;
			shellScript = "\"${SRCROOT}/Pods/Target Support Files/Pods-Fast Count copy/Pods-Fast Count copy-frameworks.sh\"\n";
			showEnvVarsInLog = 0;
		};
/* End PBXShellScriptBuildPhase section */

/* Begin PBXSourcesBuildPhase section */
		A4262DC11F020A4200C562A7 /* Sources */ = {
			isa = PBXSourcesBuildPhase;
			buildActionMask = 2147483647;
			files = (
				A4923B971F02BCAB0002C904 /* AuditModel.swift in Sources */,
				A4F8B6001F08CF9A0088CAC8 /* RoomLocation.swift in Sources */,
				A456EC751F4395DB009850AB /* GalleryHeaderTableViewCell.swift in Sources */,
				A4262DEB1F020FFA00C562A7 /* ViewAudit.swift in Sources */,
				A4355A1C1F1DA96200E7C78F /* AttributeTextField.swift in Sources */,
				A4A5F27C1F4260D30081850D /* CSVExport.swift in Sources */,
				A4262DCB1F020A4200C562A7 /* ViewController.swift in Sources */,
				A44294FD1F42877E002533DD /* GalleryTableViewCell.swift in Sources */,
				A4923B951F02B1530002C904 /* LocationModel.swift in Sources */,
				A44294FB1F4286A5002533DD /* DataCellTableViewCell.swift in Sources */,
				A4262DC91F020A4200C562A7 /* AppDelegate.swift in Sources */,
				A4923B991F02C3CF0002C904 /* ExistingAuditListViewController.swift in Sources */,
				A4923B931F02B1130002C904 /* CategoryModel.swift in Sources */,
				A40964561F8806930044E7EC /* AuditImagesModel.swift in Sources */,
				A47790041F34B16E0065D91F /* AuditFilesManager.swift in Sources */,
				A49715931F438142006B547B /* DataHeaderTableViewCell.swift in Sources */,
				A4262DE91F020FE800C562A7 /* NewFacilityViewController.swift in Sources */,
				A42683651F436DAD00B4D9A9 /* RoomDetailView.swift in Sources */,
			);
			runOnlyForDeploymentPostprocessing = 0;
		};
		A4262DD51F020A4200C562A7 /* Sources */ = {
			isa = PBXSourcesBuildPhase;
			buildActionMask = 2147483647;
			files = (
				A4262DDE1F020A4200C562A7 /* Fast_CountTests.swift in Sources */,
			);
			runOnlyForDeploymentPostprocessing = 0;
		};
		A4EA704B1F16C7A300FB895A /* Sources */ = {
			isa = PBXSourcesBuildPhase;
			buildActionMask = 2147483647;
			files = (
				A4EA704C1F16C7A300FB895A /* AuditModel.swift in Sources */,
				A4EA704D1F16C7A300FB895A /* RoomLocation.swift in Sources */,
				A4EA70501F16C7A300FB895A /* ViewAudit.swift in Sources */,
				A4EA70531F16C7A300FB895A /* ViewController.swift in Sources */,
				A4EA70541F16C7A300FB895A /* LocationModel.swift in Sources */,
				A4EA70551F16C7A300FB895A /* AppDelegate.swift in Sources */,
				A4EA70561F16C7A300FB895A /* ExistingAuditListViewController.swift in Sources */,
				A4EA70571F16C7A300FB895A /* CategoryModel.swift in Sources */,
				A4EA70581F16C7A300FB895A /* NewFacilityViewController.swift in Sources */,
			);
			runOnlyForDeploymentPostprocessing = 0;
		};
/* End PBXSourcesBuildPhase section */

/* Begin PBXTargetDependency section */
		A4262DDB1F020A4200C562A7 /* PBXTargetDependency */ = {
			isa = PBXTargetDependency;
			target = A4262DC41F020A4200C562A7 /* Fast Count */;
			targetProxy = A4262DDA1F020A4200C562A7 /* PBXContainerItemProxy */;
		};
/* End PBXTargetDependency section */

/* Begin PBXVariantGroup section */
		A4262DCC1F020A4200C562A7 /* Main.storyboard */ = {
			isa = PBXVariantGroup;
			children = (
				A4262DCD1F020A4200C562A7 /* Base */,
			);
			name = Main.storyboard;
			sourceTree = "<group>";
		};
		A4262DD11F020A4200C562A7 /* LaunchScreen.storyboard */ = {
			isa = PBXVariantGroup;
			children = (
				A4262DD21F020A4200C562A7 /* Base */,
			);
			name = LaunchScreen.storyboard;
			sourceTree = "<group>";
		};
/* End PBXVariantGroup section */

/* Begin XCBuildConfiguration section */
		A4262DE01F020A4300C562A7 /* Debug */ = {
			isa = XCBuildConfiguration;
			buildSettings = {
				ALWAYS_SEARCH_USER_PATHS = NO;
				CLANG_ANALYZER_NONNULL = YES;
				CLANG_CXX_LANGUAGE_STANDARD = "gnu++0x";
				CLANG_CXX_LIBRARY = "libc++";
				CLANG_ENABLE_MODULES = YES;
				CLANG_ENABLE_OBJC_ARC = YES;
				CLANG_WARN_BOOL_CONVERSION = YES;
				CLANG_WARN_CONSTANT_CONVERSION = YES;
				CLANG_WARN_DIRECT_OBJC_ISA_USAGE = YES_ERROR;
				CLANG_WARN_DOCUMENTATION_COMMENTS = YES;
				CLANG_WARN_EMPTY_BODY = YES;
				CLANG_WARN_ENUM_CONVERSION = YES;
				CLANG_WARN_INFINITE_RECURSION = YES;
				CLANG_WARN_INT_CONVERSION = YES;
				CLANG_WARN_OBJC_ROOT_CLASS = YES_ERROR;
				CLANG_WARN_SUSPICIOUS_MOVES = YES;
				CLANG_WARN_UNREACHABLE_CODE = YES;
				CLANG_WARN__DUPLICATE_METHOD_MATCH = YES;
				"CODE_SIGN_IDENTITY[sdk=iphoneos*]" = "iPhone Developer";
				COPY_PHASE_STRIP = NO;
				DEBUG_INFORMATION_FORMAT = dwarf;
				ENABLE_STRICT_OBJC_MSGSEND = YES;
				ENABLE_TESTABILITY = YES;
				GCC_C_LANGUAGE_STANDARD = gnu99;
				GCC_DYNAMIC_NO_PIC = NO;
				GCC_NO_COMMON_BLOCKS = YES;
				GCC_OPTIMIZATION_LEVEL = 0;
				GCC_PREPROCESSOR_DEFINITIONS = (
					"DEBUG=1",
					"$(inherited)",
				);
				GCC_WARN_64_TO_32_BIT_CONVERSION = YES;
				GCC_WARN_ABOUT_RETURN_TYPE = YES_ERROR;
				GCC_WARN_UNDECLARED_SELECTOR = YES;
				GCC_WARN_UNINITIALIZED_AUTOS = YES_AGGRESSIVE;
				GCC_WARN_UNUSED_FUNCTION = YES;
				GCC_WARN_UNUSED_VARIABLE = YES;
				IPHONEOS_DEPLOYMENT_TARGET = 10.1;
				MTL_ENABLE_DEBUG_INFO = YES;
				ONLY_ACTIVE_ARCH = YES;
				SDKROOT = iphoneos;
				SWIFT_ACTIVE_COMPILATION_CONDITIONS = DEBUG;
				SWIFT_OPTIMIZATION_LEVEL = "-Onone";
				TARGETED_DEVICE_FAMILY = "1,2";
			};
			name = Debug;
		};
		A4262DE11F020A4300C562A7 /* Release */ = {
			isa = XCBuildConfiguration;
			buildSettings = {
				ALWAYS_SEARCH_USER_PATHS = NO;
				CLANG_ANALYZER_NONNULL = YES;
				CLANG_CXX_LANGUAGE_STANDARD = "gnu++0x";
				CLANG_CXX_LIBRARY = "libc++";
				CLANG_ENABLE_MODULES = YES;
				CLANG_ENABLE_OBJC_ARC = YES;
				CLANG_WARN_BOOL_CONVERSION = YES;
				CLANG_WARN_CONSTANT_CONVERSION = YES;
				CLANG_WARN_DIRECT_OBJC_ISA_USAGE = YES_ERROR;
				CLANG_WARN_DOCUMENTATION_COMMENTS = YES;
				CLANG_WARN_EMPTY_BODY = YES;
				CLANG_WARN_ENUM_CONVERSION = YES;
				CLANG_WARN_INFINITE_RECURSION = YES;
				CLANG_WARN_INT_CONVERSION = YES;
				CLANG_WARN_OBJC_ROOT_CLASS = YES_ERROR;
				CLANG_WARN_SUSPICIOUS_MOVES = YES;
				CLANG_WARN_UNREACHABLE_CODE = YES;
				CLANG_WARN__DUPLICATE_METHOD_MATCH = YES;
				"CODE_SIGN_IDENTITY[sdk=iphoneos*]" = "iPhone Developer";
				COPY_PHASE_STRIP = NO;
				DEBUG_INFORMATION_FORMAT = "dwarf-with-dsym";
				ENABLE_NS_ASSERTIONS = NO;
				ENABLE_STRICT_OBJC_MSGSEND = YES;
				GCC_C_LANGUAGE_STANDARD = gnu99;
				GCC_NO_COMMON_BLOCKS = YES;
				GCC_WARN_64_TO_32_BIT_CONVERSION = YES;
				GCC_WARN_ABOUT_RETURN_TYPE = YES_ERROR;
				GCC_WARN_UNDECLARED_SELECTOR = YES;
				GCC_WARN_UNINITIALIZED_AUTOS = YES_AGGRESSIVE;
				GCC_WARN_UNUSED_FUNCTION = YES;
				GCC_WARN_UNUSED_VARIABLE = YES;
				IPHONEOS_DEPLOYMENT_TARGET = 10.1;
				MTL_ENABLE_DEBUG_INFO = NO;
				SDKROOT = iphoneos;
				SWIFT_OPTIMIZATION_LEVEL = "-Owholemodule";
				TARGETED_DEVICE_FAMILY = "1,2";
				VALIDATE_PRODUCT = YES;
			};
			name = Release;
		};
		A4262DE31F020A4300C562A7 /* Debug */ = {
			isa = XCBuildConfiguration;
			baseConfigurationReference = C9605DAFA1B24723F747A6A0 /* Pods-Fast Count.debug.xcconfig */;
			buildSettings = {
				ASSETCATALOG_COMPILER_APPICON_NAME = AppIcon;
				"CODE_SIGN_IDENTITY[sdk=iphoneos*]" = "iPhone Developer";
				DEVELOPMENT_TEAM = RN693TYBDK;
				ENABLE_TESTABILITY = YES;
				INFOPLIST_FILE = "Fast Count/Info.plist";
				IPHONEOS_DEPLOYMENT_TARGET = 10.0;
				LD_RUNPATH_SEARCH_PATHS = "$(inherited) @executable_path/Frameworks";
				PRODUCT_BUNDLE_IDENTIFIER = "com.Entegrity.Fast-Count";
				PRODUCT_NAME = "$(TARGET_NAME)";
				SWIFT_VERSION = 3.0;
				TARGETED_DEVICE_FAMILY = "1,2";
			};
			name = Debug;
		};
		A4262DE41F020A4300C562A7 /* Release */ = {
			isa = XCBuildConfiguration;
			baseConfigurationReference = C78D08B435117D67C37B3EDD /* Pods-Fast Count.release.xcconfig */;
			buildSettings = {
				ASSETCATALOG_COMPILER_APPICON_NAME = AppIcon;
				"CODE_SIGN_IDENTITY[sdk=iphoneos*]" = "iPhone Developer";
				DEVELOPMENT_TEAM = RN693TYBDK;
				ENABLE_TESTABILITY = NO;
				INFOPLIST_FILE = "Fast Count/Info.plist";
				IPHONEOS_DEPLOYMENT_TARGET = 10.0;
				LD_RUNPATH_SEARCH_PATHS = "$(inherited) @executable_path/Frameworks";
				PRODUCT_BUNDLE_IDENTIFIER = "com.Entegrity.Fast-Count";
				PRODUCT_NAME = "$(TARGET_NAME)";
				SWIFT_VERSION = 3.0;
				TARGETED_DEVICE_FAMILY = "1,2";
			};
			name = Release;
		};
		A4262DE61F020A4300C562A7 /* Debug */ = {
			isa = XCBuildConfiguration;
			baseConfigurationReference = 364DDC21FB412710A1179D8E /* Pods-Fast CountTests.debug.xcconfig */;
			buildSettings = {
				ALWAYS_EMBED_SWIFT_STANDARD_LIBRARIES = YES;
				BUNDLE_LOADER = "$(TEST_HOST)";
				DEVELOPMENT_TEAM = 5LQQ26GHE3;
				INFOPLIST_FILE = "Fast CountTests/Info.plist";
				LD_RUNPATH_SEARCH_PATHS = "$(inherited) @executable_path/Frameworks @loader_path/Frameworks";
				PRODUCT_BUNDLE_IDENTIFIER = "com.Entegrity.Fast-CountTests";
				PRODUCT_NAME = "$(TARGET_NAME)";
				SWIFT_VERSION = 3.0;
				TEST_HOST = "$(BUILT_PRODUCTS_DIR)/Fast Count.app/Fast Count";
			};
			name = Debug;
		};
		A4262DE71F020A4300C562A7 /* Release */ = {
			isa = XCBuildConfiguration;
			baseConfigurationReference = 5437DAAE4620C01FE393C5F4 /* Pods-Fast CountTests.release.xcconfig */;
			buildSettings = {
				ALWAYS_EMBED_SWIFT_STANDARD_LIBRARIES = YES;
				BUNDLE_LOADER = "$(TEST_HOST)";
				DEVELOPMENT_TEAM = 5LQQ26GHE3;
				INFOPLIST_FILE = "Fast CountTests/Info.plist";
				LD_RUNPATH_SEARCH_PATHS = "$(inherited) @executable_path/Frameworks @loader_path/Frameworks";
				PRODUCT_BUNDLE_IDENTIFIER = "com.Entegrity.Fast-CountTests";
				PRODUCT_NAME = "$(TARGET_NAME)";
				SWIFT_VERSION = 3.0;
				TEST_HOST = "$(BUILT_PRODUCTS_DIR)/Fast Count.app/Fast Count";
			};
			name = Release;
		};
		A4EA705F1F16C7A300FB895A /* Debug */ = {
			isa = XCBuildConfiguration;
			baseConfigurationReference = 27A034CA099B504C694CEFAE /* Pods-Fast Count copy.debug.xcconfig */;
			buildSettings = {
				ASSETCATALOG_COMPILER_APPICON_NAME = AppIcon;
				DEVELOPMENT_TEAM = 5LQQ26GHE3;
				INFOPLIST_FILE = "Fast Count copy-Info.plist";
				LD_RUNPATH_SEARCH_PATHS = "$(inherited) @executable_path/Frameworks";
				PRODUCT_BUNDLE_IDENTIFIER = "com.Entegrity.Fast-Count";
				PRODUCT_NAME = "$(TARGET_NAME)";
				SWIFT_VERSION = 3.0;
			};
			name = Debug;
		};
		A4EA70601F16C7A300FB895A /* Release */ = {
			isa = XCBuildConfiguration;
			baseConfigurationReference = 06A966E75CD0BAA6BF368CEF /* Pods-Fast Count copy.release.xcconfig */;
			buildSettings = {
				ASSETCATALOG_COMPILER_APPICON_NAME = AppIcon;
				DEVELOPMENT_TEAM = 5LQQ26GHE3;
				"GCC_PREPROCESSOR_DEFINITIONS[arch=*]" = "";
				INFOPLIST_FILE = "Fast Count copy-Info.plist";
				LD_RUNPATH_SEARCH_PATHS = "$(inherited) @executable_path/Frameworks";
				PRODUCT_BUNDLE_IDENTIFIER = "com.Entegrity.Fast-Count";
				PRODUCT_NAME = "$(TARGET_NAME)";
				SWIFT_VERSION = 3.0;
			};
			name = Release;
		};
/* End XCBuildConfiguration section */

/* Begin XCConfigurationList section */
		A4262DC01F020A4200C562A7 /* Build configuration list for PBXProject "Fast Count" */ = {
			isa = XCConfigurationList;
			buildConfigurations = (
				A4262DE01F020A4300C562A7 /* Debug */,
				A4262DE11F020A4300C562A7 /* Release */,
			);
			defaultConfigurationIsVisible = 0;
			defaultConfigurationName = Release;
		};
		A4262DE21F020A4300C562A7 /* Build configuration list for PBXNativeTarget "Fast Count" */ = {
			isa = XCConfigurationList;
			buildConfigurations = (
				A4262DE31F020A4300C562A7 /* Debug */,
				A4262DE41F020A4300C562A7 /* Release */,
			);
			defaultConfigurationIsVisible = 0;
			defaultConfigurationName = Release;
		};
		A4262DE51F020A4300C562A7 /* Build configuration list for PBXNativeTarget "Fast CountTests" */ = {
			isa = XCConfigurationList;
			buildConfigurations = (
				A4262DE61F020A4300C562A7 /* Debug */,
				A4262DE71F020A4300C562A7 /* Release */,
			);
			defaultConfigurationIsVisible = 0;
			defaultConfigurationName = Release;
		};
		A4EA705E1F16C7A300FB895A /* Build configuration list for PBXNativeTarget "Fast Count copy" */ = {
			isa = XCConfigurationList;
			buildConfigurations = (
				A4EA705F1F16C7A300FB895A /* Debug */,
				A4EA70601F16C7A300FB895A /* Release */,
			);
			defaultConfigurationIsVisible = 0;
			defaultConfigurationName = Release;
		};
/* End XCConfigurationList section */
	};
	rootObject = A4262DBD1F020A4200C562A7 /* Project object */;
}
